{
  "version": 4,
  "terraform_version": "1.3.6",
  "serial": 12,
  "lineage": "f9029afb-ab99-ce08-04c2-a7c8fa148eab",
  "outputs": {},
  "resources": [
    {
      "mode": "data",
      "type": "azurerm_kubernetes_cluster",
      "name": "cluster",
      "provider": "provider[\"registry.terraform.io/hashicorp/azurerm\"]",
      "instances": []
    },
    {
      "mode": "managed",
      "type": "azurerm_application_gateway",
      "name": "app_gateway",
      "provider": "provider[\"registry.terraform.io/hashicorp/azurerm\"]",
      "instances": [
        {
          "schema_version": 0,
          "attributes": {
            "authentication_certificate": [],
            "autoscale_configuration": [],
            "backend_address_pool": [
              {
                "fqdns": [],
                "id": "/subscriptions/c3f3aa63-3fdc-402f-9b03-30fe0a3df3ef/resourceGroups/hatr-aks/providers/Microsoft.Network/applicationGateways/hatr-aks-appgw/backendAddressPools/default",
                "ip_addresses": [],
                "name": "default"
              }
            ],
            "backend_http_settings": [
              {
                "affinity_cookie_name": "",
                "authentication_certificate": [],
                "connection_draining": [],
                "cookie_based_affinity": "Enabled",
                "host_name": "",
                "id": "/subscriptions/c3f3aa63-3fdc-402f-9b03-30fe0a3df3ef/resourceGroups/hatr-aks/providers/Microsoft.Network/applicationGateways/hatr-aks-appgw/backendHttpSettingsCollection/default",
                "name": "default",
                "path": "/",
                "pick_host_name_from_backend_address": false,
                "port": 80,
                "probe_id": "",
                "probe_name": "",
                "protocol": "Http",
                "request_timeout": 300,
                "trusted_root_certificate_names": []
              }
            ],
            "custom_error_configuration": [],
            "enable_http2": false,
            "fips_enabled": false,
            "firewall_policy_id": null,
            "force_firewall_policy_association": false,
            "frontend_ip_configuration": [
              {
                "id": "/subscriptions/c3f3aa63-3fdc-402f-9b03-30fe0a3df3ef/resourceGroups/hatr-aks/providers/Microsoft.Network/applicationGateways/hatr-aks-appgw/frontendIPConfigurations/default",
                "name": "default",
                "private_ip_address": "",
                "private_ip_address_allocation": "Dynamic",
                "private_link_configuration_id": "",
                "private_link_configuration_name": "",
                "public_ip_address_id": "/subscriptions/c3f3aa63-3fdc-402f-9b03-30fe0a3df3ef/resourceGroups/hatr-aks/providers/Microsoft.Network/publicIPAddresses/hatr-aks-ingress",
                "subnet_id": ""
              }
            ],
            "frontend_port": [
              {
                "id": "/subscriptions/c3f3aa63-3fdc-402f-9b03-30fe0a3df3ef/resourceGroups/hatr-aks/providers/Microsoft.Network/applicationGateways/hatr-aks-appgw/frontendPorts/default",
                "name": "default",
                "port": 80
              }
            ],
            "gateway_ip_configuration": [
              {
                "id": "/subscriptions/c3f3aa63-3fdc-402f-9b03-30fe0a3df3ef/resourceGroups/hatr-aks/providers/Microsoft.Network/applicationGateways/hatr-aks-appgw/gatewayIPConfigurations/default",
                "name": "default",
                "subnet_id": "/subscriptions/c3f3aa63-3fdc-402f-9b03-30fe0a3df3ef/resourceGroups/hatr-aks/providers/Microsoft.Network/virtualNetworks/hatr-aks/subnets/hatr-aks-appgw"
              }
            ],
            "global": [],
            "http_listener": [
              {
                "custom_error_configuration": [],
                "firewall_policy_id": "",
                "frontend_ip_configuration_id": "/subscriptions/c3f3aa63-3fdc-402f-9b03-30fe0a3df3ef/resourceGroups/hatr-aks/providers/Microsoft.Network/applicationGateways/hatr-aks-appgw/frontendIPConfigurations/default",
                "frontend_ip_configuration_name": "default",
                "frontend_port_id": "/subscriptions/c3f3aa63-3fdc-402f-9b03-30fe0a3df3ef/resourceGroups/hatr-aks/providers/Microsoft.Network/applicationGateways/hatr-aks-appgw/frontendPorts/default",
                "frontend_port_name": "default",
                "host_name": "",
                "host_names": [],
                "id": "/subscriptions/c3f3aa63-3fdc-402f-9b03-30fe0a3df3ef/resourceGroups/hatr-aks/providers/Microsoft.Network/applicationGateways/hatr-aks-appgw/httpListeners/default",
                "name": "default",
                "protocol": "Http",
                "require_sni": false,
                "ssl_certificate_id": "",
                "ssl_certificate_name": "",
                "ssl_profile_id": "",
                "ssl_profile_name": ""
              }
            ],
            "id": "/subscriptions/c3f3aa63-3fdc-402f-9b03-30fe0a3df3ef/resourceGroups/hatr-aks/providers/Microsoft.Network/applicationGateways/hatr-aks-appgw",
            "identity": [],
            "location": "northeurope",
            "name": "hatr-aks-appgw",
            "private_endpoint_connection": [],
            "private_link_configuration": [],
            "probe": [],
            "redirect_configuration": [],
            "request_routing_rule": [
              {
                "backend_address_pool_id": "/subscriptions/c3f3aa63-3fdc-402f-9b03-30fe0a3df3ef/resourceGroups/hatr-aks/providers/Microsoft.Network/applicationGateways/hatr-aks-appgw/backendAddressPools/default",
                "backend_address_pool_name": "default",
                "backend_http_settings_id": "/subscriptions/c3f3aa63-3fdc-402f-9b03-30fe0a3df3ef/resourceGroups/hatr-aks/providers/Microsoft.Network/applicationGateways/hatr-aks-appgw/backendHttpSettingsCollection/default",
                "backend_http_settings_name": "default",
                "http_listener_id": "/subscriptions/c3f3aa63-3fdc-402f-9b03-30fe0a3df3ef/resourceGroups/hatr-aks/providers/Microsoft.Network/applicationGateways/hatr-aks-appgw/httpListeners/default",
                "http_listener_name": "default",
                "id": "/subscriptions/c3f3aa63-3fdc-402f-9b03-30fe0a3df3ef/resourceGroups/hatr-aks/providers/Microsoft.Network/applicationGateways/hatr-aks-appgw/requestRoutingRules/default",
                "name": "default",
                "priority": 100,
                "redirect_configuration_id": "",
                "redirect_configuration_name": "",
                "rewrite_rule_set_id": "",
                "rewrite_rule_set_name": "",
                "rule_type": "Basic",
                "url_path_map_id": "",
                "url_path_map_name": ""
              }
            ],
            "resource_group_name": "hatr-aks",
            "rewrite_rule_set": [],
            "sku": [
              {
                "capacity": 2,
                "name": "Standard_v2",
                "tier": "Standard_v2"
              }
            ],
            "ssl_certificate": [],
            "ssl_policy": [
              {
                "cipher_suites": [],
                "disabled_protocols": [],
                "min_protocol_version": "",
                "policy_name": "AppGwSslPolicy20150501",
                "policy_type": "Predefined"
              }
            ],
            "ssl_profile": [],
            "tags": null,
            "timeouts": null,
            "trusted_client_certificate": [],
            "trusted_root_certificate": [],
            "url_path_map": [],
            "waf_configuration": [],
            "zones": null
          },
          "sensitive_attributes": [],
          "private": "eyJlMmJmYjczMC1lY2FhLTExZTYtOGY4OC0zNDM2M2JjN2M0YzAiOnsiY3JlYXRlIjo1NDAwMDAwMDAwMDAwLCJkZWxldGUiOjU0MDAwMDAwMDAwMDAsInJlYWQiOjMwMDAwMDAwMDAwMCwidXBkYXRlIjo1NDAwMDAwMDAwMDAwfX0=",
          "dependencies": [
            "azurerm_public_ip.ingress_pip",
            "azurerm_resource_group.group",
            "azurerm_subnet.gateway_subnet"
          ]
        }
      ]
    },
    {
      "mode": "managed",
      "type": "azurerm_public_ip",
      "name": "egress_pip",
      "provider": "provider[\"registry.terraform.io/hashicorp/azurerm\"]",
      "instances": [
        {
          "schema_version": 0,
          "attributes": {
            "allocation_method": "Static",
            "ddos_protection_mode": "VirtualNetworkInherited",
            "ddos_protection_plan_id": null,
            "domain_name_label": null,
            "edge_zone": "",
            "fqdn": null,
            "id": "/subscriptions/c3f3aa63-3fdc-402f-9b03-30fe0a3df3ef/resourceGroups/hatr-aks/providers/Microsoft.Network/publicIPAddresses/hatr-aks-egress",
            "idle_timeout_in_minutes": 4,
            "ip_address": "68.219.113.18",
            "ip_tags": null,
            "ip_version": "IPv4",
            "location": "northeurope",
            "name": "hatr-aks-egress",
            "public_ip_prefix_id": null,
            "resource_group_name": "hatr-aks",
            "reverse_fqdn": null,
            "sku": "Standard",
            "sku_tier": "Regional",
            "tags": null,
            "timeouts": null,
            "zones": null
          },
          "sensitive_attributes": [],
          "private": "eyJlMmJmYjczMC1lY2FhLTExZTYtOGY4OC0zNDM2M2JjN2M0YzAiOnsiY3JlYXRlIjoxODAwMDAwMDAwMDAwLCJkZWxldGUiOjE4MDAwMDAwMDAwMDAsInJlYWQiOjMwMDAwMDAwMDAwMCwidXBkYXRlIjoxODAwMDAwMDAwMDAwfX0=",
          "dependencies": [
            "azurerm_resource_group.group"
          ]
        }
      ]
    },
    {
      "mode": "managed",
      "type": "azurerm_public_ip",
      "name": "ingress_pip",
      "provider": "provider[\"registry.terraform.io/hashicorp/azurerm\"]",
      "instances": [
        {
          "schema_version": 0,
          "attributes": {
            "allocation_method": "Static",
            "ddos_protection_mode": "VirtualNetworkInherited",
            "ddos_protection_plan_id": null,
            "domain_name_label": "hatr-aks-ingress-dnl",
            "edge_zone": "",
            "fqdn": "hatr-aks-ingress-dnl.northeurope.cloudapp.azure.com",
            "id": "/subscriptions/c3f3aa63-3fdc-402f-9b03-30fe0a3df3ef/resourceGroups/hatr-aks/providers/Microsoft.Network/publicIPAddresses/hatr-aks-ingress",
            "idle_timeout_in_minutes": 4,
            "ip_address": "74.234.115.0",
            "ip_tags": null,
            "ip_version": "IPv4",
            "location": "northeurope",
            "name": "hatr-aks-ingress",
            "public_ip_prefix_id": null,
            "resource_group_name": "hatr-aks",
            "reverse_fqdn": "",
            "sku": "Standard",
            "sku_tier": "Regional",
            "tags": null,
            "timeouts": null,
            "zones": null
          },
          "sensitive_attributes": [],
          "private": "eyJlMmJmYjczMC1lY2FhLTExZTYtOGY4OC0zNDM2M2JjN2M0YzAiOnsiY3JlYXRlIjoxODAwMDAwMDAwMDAwLCJkZWxldGUiOjE4MDAwMDAwMDAwMDAsInJlYWQiOjMwMDAwMDAwMDAwMCwidXBkYXRlIjoxODAwMDAwMDAwMDAwfX0=",
          "dependencies": [
            "azurerm_resource_group.group"
          ]
        }
      ]
    },
    {
      "mode": "managed",
      "type": "azurerm_resource_group",
      "name": "group",
      "provider": "provider[\"registry.terraform.io/hashicorp/azurerm\"]",
      "instances": [
        {
          "schema_version": 0,
          "attributes": {
            "id": "/subscriptions/c3f3aa63-3fdc-402f-9b03-30fe0a3df3ef/resourceGroups/hatr-aks",
            "location": "northeurope",
            "name": "hatr-aks",
            "tags": {},
            "timeouts": null
          },
          "sensitive_attributes": [],
          "private": "eyJlMmJmYjczMC1lY2FhLTExZTYtOGY4OC0zNDM2M2JjN2M0YzAiOnsiY3JlYXRlIjo1NDAwMDAwMDAwMDAwLCJkZWxldGUiOjU0MDAwMDAwMDAwMDAsInJlYWQiOjMwMDAwMDAwMDAwMCwidXBkYXRlIjo1NDAwMDAwMDAwMDAwfX0="
        }
      ]
    },
    {
      "mode": "managed",
      "type": "azurerm_role_assignment",
      "name": "agic_appgw_contributor",
      "provider": "provider[\"registry.terraform.io/hashicorp/azurerm\"]",
      "instances": []
    },
    {
      "mode": "managed",
      "type": "azurerm_role_assignment",
      "name": "agic_rg_reader",
      "provider": "provider[\"registry.terraform.io/hashicorp/azurerm\"]",
      "instances": []
    },
    {
      "mode": "managed",
      "type": "azurerm_subnet",
      "name": "cluster_subnet",
      "provider": "provider[\"registry.terraform.io/hashicorp/azurerm\"]",
      "instances": [
        {
          "schema_version": 0,
          "attributes": {
            "address_prefixes": [
              "10.80.0.0/24"
            ],
            "delegation": [],
            "enforce_private_link_endpoint_network_policies": false,
            "enforce_private_link_service_network_policies": false,
            "id": "/subscriptions/c3f3aa63-3fdc-402f-9b03-30fe0a3df3ef/resourceGroups/hatr-aks/providers/Microsoft.Network/virtualNetworks/hatr-aks/subnets/hatr-aks",
            "name": "hatr-aks",
            "private_endpoint_network_policies_enabled": true,
            "private_link_service_network_policies_enabled": true,
            "resource_group_name": "hatr-aks",
            "service_endpoint_policy_ids": [],
            "service_endpoints": [],
            "timeouts": null,
            "virtual_network_name": "hatr-aks"
          },
          "sensitive_attributes": [],
          "private": "eyJlMmJmYjczMC1lY2FhLTExZTYtOGY4OC0zNDM2M2JjN2M0YzAiOnsiY3JlYXRlIjoxODAwMDAwMDAwMDAwLCJkZWxldGUiOjE4MDAwMDAwMDAwMDAsInJlYWQiOjMwMDAwMDAwMDAwMCwidXBkYXRlIjoxODAwMDAwMDAwMDAwfX0=",
          "dependencies": [
            "azurerm_resource_group.group",
            "azurerm_virtual_network.vnet"
          ]
        }
      ]
    },
    {
      "mode": "managed",
      "type": "azurerm_subnet",
      "name": "gateway_subnet",
      "provider": "provider[\"registry.terraform.io/hashicorp/azurerm\"]",
      "instances": [
        {
          "schema_version": 0,
          "attributes": {
            "address_prefixes": [
              "10.80.255.224/27"
            ],
            "delegation": [],
            "enforce_private_link_endpoint_network_policies": false,
            "enforce_private_link_service_network_policies": false,
            "id": "/subscriptions/c3f3aa63-3fdc-402f-9b03-30fe0a3df3ef/resourceGroups/hatr-aks/providers/Microsoft.Network/virtualNetworks/hatr-aks/subnets/hatr-aks-appgw",
            "name": "hatr-aks-appgw",
            "private_endpoint_network_policies_enabled": true,
            "private_link_service_network_policies_enabled": true,
            "resource_group_name": "hatr-aks",
            "service_endpoint_policy_ids": [],
            "service_endpoints": [],
            "timeouts": null,
            "virtual_network_name": "hatr-aks"
          },
          "sensitive_attributes": [],
          "private": "eyJlMmJmYjczMC1lY2FhLTExZTYtOGY4OC0zNDM2M2JjN2M0YzAiOnsiY3JlYXRlIjoxODAwMDAwMDAwMDAwLCJkZWxldGUiOjE4MDAwMDAwMDAwMDAsInJlYWQiOjMwMDAwMDAwMDAwMCwidXBkYXRlIjoxODAwMDAwMDAwMDAwfX0=",
          "dependencies": [
            "azurerm_resource_group.group",
            "azurerm_subnet.cluster_subnet",
            "azurerm_virtual_network.vnet"
          ]
        }
      ]
    },
    {
      "mode": "managed",
      "type": "azurerm_virtual_network",
      "name": "vnet",
      "provider": "provider[\"registry.terraform.io/hashicorp/azurerm\"]",
      "instances": [
        {
          "schema_version": 0,
          "attributes": {
            "address_space": [
              "10.80.0.0/16"
            ],
            "bgp_community": "",
            "ddos_protection_plan": [],
            "dns_servers": [],
            "edge_zone": "",
            "flow_timeout_in_minutes": 0,
            "guid": "a4f45cdb-d8c3-4b00-b147-2e145906b100",
            "id": "/subscriptions/c3f3aa63-3fdc-402f-9b03-30fe0a3df3ef/resourceGroups/hatr-aks/providers/Microsoft.Network/virtualNetworks/hatr-aks",
            "location": "northeurope",
            "name": "hatr-aks",
            "resource_group_name": "hatr-aks",
            "subnet": [
              {
                "address_prefix": "10.80.0.0/24",
                "id": "/subscriptions/c3f3aa63-3fdc-402f-9b03-30fe0a3df3ef/resourceGroups/hatr-aks/providers/Microsoft.Network/virtualNetworks/hatr-aks/subnets/hatr-aks",
                "name": "hatr-aks",
                "security_group": ""
              },
              {
                "address_prefix": "10.80.255.224/27",
                "id": "/subscriptions/c3f3aa63-3fdc-402f-9b03-30fe0a3df3ef/resourceGroups/hatr-aks/providers/Microsoft.Network/virtualNetworks/hatr-aks/subnets/hatr-aks-appgw",
                "name": "hatr-aks-appgw",
                "security_group": ""
              }
            ],
            "tags": {},
            "timeouts": null
          },
          "sensitive_attributes": [],
          "private": "eyJlMmJmYjczMC1lY2FhLTExZTYtOGY4OC0zNDM2M2JjN2M0YzAiOnsiY3JlYXRlIjoxODAwMDAwMDAwMDAwLCJkZWxldGUiOjE4MDAwMDAwMDAwMDAsInJlYWQiOjMwMDAwMDAwMDAwMCwidXBkYXRlIjoxODAwMDAwMDAwMDAwfX0=",
          "dependencies": [
            "azurerm_resource_group.group"
          ]
        }
      ]
    },
    {
      "mode": "managed",
      "type": "time_sleep",
      "name": "wait_60_seconds",
      "provider": "provider[\"registry.terraform.io/hashicorp/time\"]",
      "instances": []
    }
  ],
  "check_results": null
}
